
Microsoft Visual Studio Solution File, Format Version 12.00
# Visual Studio Version 16
VisualStudioVersion = 16.0.30907.101
MinimumVisualStudioVersion = 10.0.40219.1
Project("{9A19103F-16F7-4668-BE54-9A1E7A4F7556}") = "pipelines-dotnet-core", "pipelines-dotnet-core\pipelines-dotnet-core.csproj", "{D1764FEA-2A67-492F-A7D8-636AA2A92D16}"
EndProject
Project("{FAE04EC0-301F-11D3-BF4B-00C04F79EFBC}") = "NUnitTestProject1-Test", "pipelines-dotnet-core-tests\NUnitTestProject1-Test\NUnitTestProject1-Test.csproj", "{2A773F32-D864-4991-9EEB-954B6464C6E3}"
EndProject
Global
	GlobalSection(SolutionConfigurationPlatforms) = preSolution
		Debug|Any CPU = Debug|Any CPU
		Release|Any CPU = Release|Any CPU
	EndGlobalSection
	GlobalSection(ProjectConfigurationPlatforms) = postSolution
		{D1764FEA-2A67-492F-A7D8-636AA2A92D16}.Debug|Any CPU.ActiveCfg = Debug|Any CPU
		{D1764FEA-2A67-492F-A7D8-636AA2A92D16}.Debug|Any CPU.Build.0 = Debug|Any CPU
		{D1764FEA-2A67-492F-A7D8-636AA2A92D16}.Release|Any CPU.ActiveCfg = Release|Any CPU
		{D1764FEA-2A67-492F-A7D8-636AA2A92D16}.Release|Any CPU.Build.0 = Release|Any CPU
		{2A773F32-D864-4991-9EEB-954B6464C6E3}.Debug|Any CPU.ActiveCfg = Debug|Any CPU
		{2A773F32-D864-4991-9EEB-954B6464C6E3}.Debug|Any CPU.Build.0 = Debug|Any CPU
		{2A773F32-D864-4991-9EEB-954B6464C6E3}.Release|Any CPU.ActiveCfg = Release|Any CPU
		{2A773F32-D864-4991-9EEB-954B6464C6E3}.Release|Any CPU.Build.0 = Release|Any CPU
	EndGlobalSection
	GlobalSection(SolutionProperties) = preSolution
		HideSolutionNode = FALSE
	EndGlobalSection
	GlobalSection(ExtensibilityGlobals) = postSolution
		SolutionGuid = {809B0FEE-DABB-4730-8E9E-5F55832C5186}
	EndGlobalSection
EndGlobal
